
Microsoft Visual Studio Solution File, Format Version 12.00
# Visual Studio Version 17
VisualStudioVersion = 17.5.33424.131
MinimumVisualStudioVersion = 10.0.40219.1
Project("{FAE04EC0-301F-11D3-BF4B-00C04F79EFBC}") = "ShapeAreaCalc", "ShapeAreaCalc\ShapeAreaCalc.csproj", "{53B00C1F-AAE3-405C-B20C-B98117AEA970}"
EndProject
Project("{FAE04EC0-301F-11D3-BF4B-00C04F79EFBC}") = "ShapeAreaCalc.Tests", "ShapeAreaCalc.Tests\ShapeAreaCalc.Tests.csproj", "{A057DCA8-D8BF-4CB7-B7DF-C12ABBF95A56}"
EndProject
Global
	GlobalSection(SolutionConfigurationPlatforms) = preSolution
		Debug|Any CPU = Debug|Any CPU
		Release|Any CPU = Release|Any CPU
	EndGlobalSection
	GlobalSection(ProjectConfigurationPlatforms) = postSolution
		{53B00C1F-AAE3-405C-B20C-B98117AEA970}.Debug|Any CPU.ActiveCfg = Debug|Any CPU
		{53B00C1F-AAE3-405C-B20C-B98117AEA970}.Debug|Any CPU.Build.0 = Debug|Any CPU
		{53B00C1F-AAE3-405C-B20C-B98117AEA970}.Release|Any CPU.ActiveCfg = Release|Any CPU
		{53B00C1F-AAE3-405C-B20C-B98117AEA970}.Release|Any CPU.Build.0 = Release|Any CPU
		{A057DCA8-D8BF-4CB7-B7DF-C12ABBF95A56}.Debug|Any CPU.ActiveCfg = Debug|Any CPU
		{A057DCA8-D8BF-4CB7-B7DF-C12ABBF95A56}.Debug|Any CPU.Build.0 = Debug|Any CPU
		{A057DCA8-D8BF-4CB7-B7DF-C12ABBF95A56}.Release|Any CPU.ActiveCfg = Release|Any CPU
		{A057DCA8-D8BF-4CB7-B7DF-C12ABBF95A56}.Release|Any CPU.Build.0 = Release|Any CPU
	EndGlobalSection
	GlobalSection(SolutionProperties) = preSolution
		HideSolutionNode = FALSE
	EndGlobalSection
	GlobalSection(ExtensibilityGlobals) = postSolution
		SolutionGuid = {04CF0C5F-2823-4AE6-89DF-37A0A9D701B4}
	EndGlobalSection
EndGlobal
